github.com/ctessum/go.clipper v0.0.0-20171204065737-904005e324d1 h1:M4ZokeowKA2HONNCMvfOrWYpSAN8NXNVDAvvt0jOiFI=
github.com/ctessum/go.clipper v0.0.0-20171204065737-904005e324d1/go.mod h1:KRMo3PCsooJP3LmCwKI76dkd7f3ki3zwYLHR7Iwbi5k=
github.com/hschendel/stl v1.0.3 h1:2HjK2cA8LDpR2GZvRM+I0SDI89nMi+Evneco5x8Yj3A=
github.com/hschendel/stl v1.0.3/go.mod h1:rYBYytkIZDP9mM6MY2sX6GN8upQ/6lVgvGJ3JSrKXMY=
